
Microsoft Visual Studio Solution File, Format Version 12.00
Project("{FAE04EC0-301F-11D3-BF4B-00C04F79EFBC}") = "AdventOfCode", "AdventOfCode.csproj", "{B952E150-42A5-4F3B-BEF5-D2B57D97B0FE}"
EndProject
Project("{FAE04EC0-301F-11D3-BF4B-00C04F79EFBC}") = "AdventOfCodeTests", "..\AdventOfCodeTests\AdventOfCodeTests.csproj", "{60F0975E-35D2-47CD-B584-BDA84B7D4516}"
EndProject
Global
	GlobalSection(SolutionConfigurationPlatforms) = preSolution
		Debug|Any CPU = Debug|Any CPU
		Release|Any CPU = Release|Any CPU
	EndGlobalSection
	GlobalSection(ProjectConfigurationPlatforms) = postSolution
		{B952E150-42A5-4F3B-BEF5-D2B57D97B0FE}.Debug|Any CPU.ActiveCfg = Debug|Any CPU
		{B952E150-42A5-4F3B-BEF5-D2B57D97B0FE}.Debug|Any CPU.Build.0 = Debug|Any CPU
		{B952E150-42A5-4F3B-BEF5-D2B57D97B0FE}.Release|Any CPU.ActiveCfg = Release|Any CPU
		{B952E150-42A5-4F3B-BEF5-D2B57D97B0FE}.Release|Any CPU.Build.0 = Release|Any CPU
		{60F0975E-35D2-47CD-B584-BDA84B7D4516}.Debug|Any CPU.ActiveCfg = Debug|Any CPU
		{60F0975E-35D2-47CD-B584-BDA84B7D4516}.Debug|Any CPU.Build.0 = Debug|Any CPU
		{60F0975E-35D2-47CD-B584-BDA84B7D4516}.Release|Any CPU.ActiveCfg = Release|Any CPU
		{60F0975E-35D2-47CD-B584-BDA84B7D4516}.Release|Any CPU.Build.0 = Release|Any CPU
	EndGlobalSection
EndGlobal
